
Microsoft Visual Studio Solution File, Format Version 12.00
# Visual Studio 2013
VisualStudioVersion = 12.0.21005.1
MinimumVisualStudioVersion = 10.0.40219.1
Project("{FAE04EC0-301F-11D3-BF4B-00C04F79EFBC}") = "TabStripControlLibrary", "TabStripControlLibrary\TabStripControlLibrary.csproj", "{F63A0939-5ADD-4931-8066-6901B5FBEF67}"
EndProject
Project("{FAE04EC0-301F-11D3-BF4B-00C04F79EFBC}") = "ChequeProcessing", "ChequeProcessing\ChequeProcessing.csproj", "{77E04CF5-9819-4588-A92B-586CB247FB5E}"
EndProject
Global
	GlobalSection(SolutionConfigurationPlatforms) = preSolution
		Debug|Any CPU = Debug|Any CPU
		Debug|x64 = Debug|x64
		Release|Any CPU = Release|Any CPU
		Release|x64 = Release|x64
	EndGlobalSection
	GlobalSection(ProjectConfigurationPlatforms) = postSolution
		{F63A0939-5ADD-4931-8066-6901B5FBEF67}.Debug|Any CPU.ActiveCfg = Debug|Any CPU
		{F63A0939-5ADD-4931-8066-6901B5FBEF67}.Debug|Any CPU.Build.0 = Debug|Any CPU
		{F63A0939-5ADD-4931-8066-6901B5FBEF67}.Debug|x64.ActiveCfg = Debug|Any CPU
		{F63A0939-5ADD-4931-8066-6901B5FBEF67}.Release|Any CPU.ActiveCfg = Release|Any CPU
		{F63A0939-5ADD-4931-8066-6901B5FBEF67}.Release|Any CPU.Build.0 = Release|Any CPU
		{F63A0939-5ADD-4931-8066-6901B5FBEF67}.Release|x64.ActiveCfg = Release|Any CPU
		{77E04CF5-9819-4588-A92B-586CB247FB5E}.Debug|Any CPU.ActiveCfg = Debug|Any CPU
		{77E04CF5-9819-4588-A92B-586CB247FB5E}.Debug|Any CPU.Build.0 = Debug|Any CPU
		{77E04CF5-9819-4588-A92B-586CB247FB5E}.Debug|x64.ActiveCfg = Debug|Any CPU
		{77E04CF5-9819-4588-A92B-586CB247FB5E}.Debug|x64.Build.0 = Debug|Any CPU
		{77E04CF5-9819-4588-A92B-586CB247FB5E}.Release|Any CPU.ActiveCfg = Release|Any CPU
		{77E04CF5-9819-4588-A92B-586CB247FB5E}.Release|Any CPU.Build.0 = Release|Any CPU
		{77E04CF5-9819-4588-A92B-586CB247FB5E}.Release|x64.ActiveCfg = Release|x64
		{77E04CF5-9819-4588-A92B-586CB247FB5E}.Release|x64.Build.0 = Release|x64
	EndGlobalSection
	GlobalSection(SolutionProperties) = preSolution
		HideSolutionNode = FALSE
	EndGlobalSection
EndGlobal
